<?xml version="1.0" encoding="utf-8"?>
<Project ToolsVersion="4.0" xmlns="http://schemas.microsoft.com/developer/msbuild/2003">
  <ItemGroup>
    <Filter Include="Source Files">
      <UniqueIdentifier>{4FC737F1-C7A5-4376-A066-2A32D752A2FF}</UniqueIdentifier>
      <Extensions>cpp;c;cc;cxx;def;odl;idl;hpj;bat;asm;asmx</Extensions>
    </Filter>
    <Filter Include="Header Files">
      <UniqueIdentifier>{93995380-89BD-4b04-88EB-625FBE52EBFB}</UniqueIdentifier>
      <Extensions>h;hh;hpp;hxx;hm;inl;inc;xsd</Extensions>
    </Filter>
    <Filter Include="Header Files\geco">
      <UniqueIdentifier>{6c720cc8-4551-47f0-97ae-6346bf3cfe8f}</UniqueIdentifier>
    </Filter>
    <Filter Include="Header Files\geco-ds">
      <UniqueIdentifier>{dac87933-d910-4341-a2b5-bceee896a805}</UniqueIdentifier>
    </Filter>
    <Filter Include="Header Files\geco-net">
      <UniqueIdentifier>{18a6e1ac-496e-4d21-a361-fba37a3d71a9}</UniqueIdentifier>
    </Filter>
  </ItemGroup>
  <ItemGroup>
    <Text Include="ReadMe.txt" />
  </ItemGroup>
  <ItemGroup>
    <ClCompile Include="..\..\..\..\src\geco-malloc.cc">
      <Filter>Source Files</Filter>
    </ClCompile>
    <ClCompile Include="..\..\..\..\src\geco-net-transport.cc">
      <Filter>Source Files</Filter>
    </ClCompile>
    <ClCompile Include="..\..\..\..\src\geco-net-dispatch.cc">
      <Filter>Source Files</Filter>
    </ClCompile>
    <ClCompile Include="..\..\..\..\src\geco-net-chunk.cc">
      <Filter>Source Files</Filter>
    </ClCompile>
    <ClCompile Include="..\..\..\..\src\geco-net-auth.cc">
      <Filter>Source Files</Filter>
    </ClCompile>
    <ClCompile Include="..\..\..\..\src\geco-net-common.cc">
      <Filter>Source Files</Filter>
    </ClCompile>
    <ClCompile Include="..\..\..\..\src\geco-net-timer.cc">
      <Filter>Source Files</Filter>
    </ClCompile>
  </ItemGroup>
  <ItemGroup>
    <ClInclude Include="..\..\..\..\src\geco-malloc.h">
      <Filter>Header Files\geco</Filter>
    </ClInclude>
    <ClInclude Include="..\..\..\..\src\geco-thread.h">
      <Filter>Header Files\geco</Filter>
    </ClInclude>
    <ClInclude Include="..\..\..\..\src\geco-ds-config.h">
      <Filter>Header Files\geco-ds</Filter>
    </ClInclude>
    <ClInclude Include="..\..\..\..\src\geco-ds-malloc.h">
      <Filter>Header Files\geco-ds</Filter>
    </ClInclude>
    <ClInclude Include="..\..\..\..\src\geco-ds-timer.h">
      <Filter>Header Files\geco-ds</Filter>
    </ClInclude>
    <ClInclude Include="..\..\..\..\src\geco-net-auth.h">
      <Filter>Header Files\geco-net</Filter>
    </ClInclude>
    <ClInclude Include="..\..\..\..\src\geco-net-config.h">
      <Filter>Header Files\geco-net</Filter>
    </ClInclude>
    <ClInclude Include="..\..\..\..\src\geco-net-dispatch.h">
      <Filter>Header Files\geco-net</Filter>
    </ClInclude>
    <ClInclude Include="..\..\..\..\src\geco-net-common.h">
      <Filter>Header Files\geco-net</Filter>
    </ClInclude>
    <ClInclude Include="..\..\..\..\src\geco-net-msg.h">
      <Filter>Header Files\geco-net</Filter>
    </ClInclude>
    <ClInclude Include="..\..\..\..\src\geco-net-chunk.h">
      <Filter>Header Files\geco-net</Filter>
    </ClInclude>
    <ClInclude Include="..\..\..\..\src\geco-net.h">
      <Filter>Header Files\geco-net</Filter>
    </ClInclude>
    <ClInclude Include="..\..\..\..\src\geco-net-transport.h">
      <Filter>Header Files\geco-net</Filter>
    </ClInclude>
    <ClInclude Include="..\..\..\..\src\geco-common.h">
      <Filter>Header Files\geco</Filter>
    </ClInclude>
  </ItemGroup>
</Project>