<?xml version="1.0" encoding="utf-8"?>
<Project ToolsVersion="4.0" xmlns="http://schemas.microsoft.com/developer/msbuild/2003">
  <ItemGroup>
    <ClInclude Include="..\..\..\src\basic-type.h" />
    <ClInclude Include="..\..\..\src\config.h" />
    <ClInclude Include="..\..\..\src\dispatch_layer.h" />
    <ClInclude Include="..\..\..\src\gecotimer.h" />
    <ClInclude Include="..\..\..\src\globals.h" />
    <ClInclude Include="..\..\..\src\md5.h" />
    <ClInclude Include="..\..\..\src\messages.h" />
    <ClInclude Include="..\..\..\src\poller.h" />
    <ClInclude Include="..\..\..\src\geco-ds-config.h" />
    <ClInclude Include="..\..\..\src\geco-ds-malloc.h" />
    <ClInclude Include="..\..\..\src\geco-thread.h" />
    <ClInclude Include="..\..\..\src\protoco-stack.h" />
  </ItemGroup>
  <ItemGroup>
    <ClCompile Include="..\..\..\src\dispatch_layer.cc" />
    <ClCompile Include="..\..\..\src\gecotimer.cc" />
    <ClCompile Include="..\..\..\src\globals.cc" />
    <ClCompile Include="..\..\..\src\main.cc" />
    <ClCompile Include="..\..\..\src\md5.cc" />
    <ClCompile Include="..\..\..\src\poller.cc" />
  </ItemGroup>
  <ItemGroup>
    <None Include="ClassDiagram.cd" />
  </ItemGroup>
</Project>